
Microsoft Visual Studio Solution File, Format Version 12.00
# Visual Studio Version 17
VisualStudioVersion = 17.11.35431.28
MinimumVisualStudioVersion = 10.0.40219.1
Project("{FAE04EC0-301F-11D3-BF4B-00C04F79EFBC}") = "SimpleWebApi", "SimpleWebApi.csproj", "{3D21D180-4089-4030-BF8F-1978C554FF8F}"
EndProject
Global
	GlobalSection(SolutionConfigurationPlatforms) = preSolution
		Debug|Any CPU = Debug|Any CPU
		Release|Any CPU = Release|Any CPU
	EndGlobalSection
	GlobalSection(ProjectConfigurationPlatforms) = postSolution
		{3D21D180-4089-4030-BF8F-1978C554FF8F}.Debug|Any CPU.ActiveCfg = Debug|Any CPU
		{3D21D180-4089-4030-BF8F-1978C554FF8F}.Debug|Any CPU.Build.0 = Debug|Any CPU
		{3D21D180-4089-4030-BF8F-1978C554FF8F}.Release|Any CPU.ActiveCfg = Release|Any CPU
		{3D21D180-4089-4030-BF8F-1978C554FF8F}.Release|Any CPU.Build.0 = Release|Any CPU
	EndGlobalSection
	GlobalSection(SolutionProperties) = preSolution
		HideSolutionNode = FALSE
	EndGlobalSection
	GlobalSection(ExtensibilityGlobals) = postSolution
		SolutionGuid = {ACB34F15-7EB4-42BA-B2E8-61764BE75AB7}
	EndGlobalSection
EndGlobal
